
Microsoft Visual Studio Solution File, Format Version 12.00
# Visual Studio Version 17
VisualStudioVersion = 17.10.34707.107
MinimumVisualStudioVersion = 10.0.40219.1
Project("{2150E333-8FDC-42A3-9474-1A3956D46DE8}") = "ClaimProcessingService", "ClaimProcessingService", "{69E93DF6-16DA-4562-9A9D-D8480D1915B8}"
EndProject
Project("{2150E333-8FDC-42A3-9474-1A3956D46DE8}") = "CustomerService", "CustomerService", "{29A28333-6933-4579-8FF1-44C3BCFE853B}"
EndProject
Project("{9A19103F-16F7-4668-BE54-9A1E7A4F7556}") = "CustomerService.Domain", "CustomerService.Core\CustomerService.Domain.csproj", "{6220211E-E565-4ACD-893C-80E3DA8B2D30}"
EndProject
Project("{9A19103F-16F7-4668-BE54-9A1E7A4F7556}") = "CustomerService.Persistence", "CustomerService.Infrastructure\CustomerService.Persistence.csproj", "{4E28FE68-8495-414C-B8F0-0B84FA6EF260}"
EndProject
Project("{9A19103F-16F7-4668-BE54-9A1E7A4F7556}") = "CustomerService.API", "CustomerService.API\CustomerService.API.csproj", "{135BDE80-6DD4-4992-872A-7C96411C1FF0}"
EndProject
Project("{2150E333-8FDC-42A3-9474-1A3956D46DE8}") = "src", "src", "{8440F54B-0F94-43B2-848D-ADCD54050E62}"
EndProject
Project("{9A19103F-16F7-4668-BE54-9A1E7A4F7556}") = "CustomerService.Application", "CustomerService.Application\CustomerService.Application.csproj", "{CED147FC-FBE9-46A6-B795-21234B776D03}"
EndProject
Project("{2150E333-8FDC-42A3-9474-1A3956D46DE8}") = "Core", "Core", "{7407E0A4-AFCC-4A68-9965-4C8CBB8CD004}"
EndProject
Project("{2150E333-8FDC-42A3-9474-1A3956D46DE8}") = "Infrastructure", "Infrastructure", "{51661B28-60BE-4C74-99C3-3DCEB7034F59}"
EndProject
Project("{2150E333-8FDC-42A3-9474-1A3956D46DE8}") = "API", "API", "{F0229F6E-D230-4E89-8FC8-95B136113CDE}"
EndProject
Project("{2150E333-8FDC-42A3-9474-1A3956D46DE8}") = "src", "src", "{803750A6-CC04-44A9-80A9-6662114A2416}"
EndProject
Project("{2150E333-8FDC-42A3-9474-1A3956D46DE8}") = "Core", "Core", "{E90787A3-B58B-4338-87DB-3E85C4026894}"
EndProject
Project("{9A19103F-16F7-4668-BE54-9A1E7A4F7556}") = "ClaimProcessingService.Domain", "ClaimProcessingService.Domain\ClaimProcessingService.Domain.csproj", "{E0854D5E-9CF7-45DF-9CF6-4D08CC32450B}"
EndProject
Project("{9A19103F-16F7-4668-BE54-9A1E7A4F7556}") = "ClaimProcessingService.Application", "ClaimProcessingService.Application\ClaimProcessingService.Application.csproj", "{2950B3C7-0CE5-4DD1-B26B-19F8DF54321D}"
EndProject
Project("{2150E333-8FDC-42A3-9474-1A3956D46DE8}") = "Infrastructure", "Infrastructure", "{14A2D668-10EA-466A-835D-2D4AFF57CB9F}"
EndProject
Project("{9A19103F-16F7-4668-BE54-9A1E7A4F7556}") = "ClaimProcessingService.Persistence", "ClaimProcessingService.Infrastructure.Persistence\ClaimProcessingService.Persistence.csproj", "{82785088-BF10-4B3D-BC63-77F8CFD644E2}"
EndProject
Project("{2150E333-8FDC-42A3-9474-1A3956D46DE8}") = "API", "API", "{2313E6BF-FD7A-46D5-A5D7-EB143E578ADC}"
EndProject
Project("{9A19103F-16F7-4668-BE54-9A1E7A4F7556}") = "ClaimProcessingService.API", "ClaimProcessingService.API\ClaimProcessingService.API.csproj", "{314E07BF-BEDC-4DC4-B293-300505B9525B}"
EndProject
Project("{2150E333-8FDC-42A3-9474-1A3956D46DE8}") = "IdentityService", "IdentityService", "{DCCB2908-DE9D-4135-BBAC-DDA68C09424B}"
EndProject
Project("{2150E333-8FDC-42A3-9474-1A3956D46DE8}") = "src", "src", "{6215C402-EBCA-40DC-9520-727839DCF650}"
EndProject
Project("{2150E333-8FDC-42A3-9474-1A3956D46DE8}") = "Core", "Core", "{5DE98169-9A48-4F9C-8FBE-840198F05A78}"
EndProject
Project("{FAE04EC0-301F-11D3-BF4B-00C04F79EFBC}") = "IdentityService.Domain", "IdentityService.Domain\IdentityService.Domain.csproj", "{B10EE3F0-B98C-45D5-AE53-43C5D35C1CE4}"
EndProject
Project("{2150E333-8FDC-42A3-9474-1A3956D46DE8}") = "Common", "Common", "{03AB55D7-3191-40BE-A591-671C75F6C735}"
EndProject
Project("{FAE04EC0-301F-11D3-BF4B-00C04F79EFBC}") = "Common.Application", "Common.Application\Common.Application.csproj", "{A453EDEA-5316-4382-B2A1-4D9E90EEDA0E}"
EndProject
Project("{FAE04EC0-301F-11D3-BF4B-00C04F79EFBC}") = "IdentityService.Application", "IdentityService.Application\IdentityService.Application.csproj", "{4380AD23-B067-46DD-8C8E-0F67120BB521}"
EndProject
Project("{2150E333-8FDC-42A3-9474-1A3956D46DE8}") = "Infrastructure", "Infrastructure", "{C520B576-C57F-407E-89F1-A8B5834CFB28}"
EndProject
Project("{FAE04EC0-301F-11D3-BF4B-00C04F79EFBC}") = "IdentityService.Persistence", "IdentityService.Persistence\IdentityService.Persistence.csproj", "{36639AC9-1672-46E9-8D62-DF07156C3048}"
EndProject
Project("{FAE04EC0-301F-11D3-BF4B-00C04F79EFBC}") = "IdentityService.Infrastructure", "IdentityService.Infrastructure\IdentityService.Infrastructure.csproj", "{394D2CC7-E42B-4014-BD50-E70BA4090606}"
EndProject
Project("{2150E333-8FDC-42A3-9474-1A3956D46DE8}") = "API", "API", "{4012C453-FD67-4175-8B87-6ECF191BA8F8}"
EndProject
Project("{FAE04EC0-301F-11D3-BF4B-00C04F79EFBC}") = "IdentityService.API", "IdentityService.API\IdentityService.API.csproj", "{9BD8B4CF-6DF7-459F-85D5-B8B967A69130}"
EndProject
Global
	GlobalSection(SolutionConfigurationPlatforms) = preSolution
		Debug|Any CPU = Debug|Any CPU
		Release|Any CPU = Release|Any CPU
	EndGlobalSection
	GlobalSection(ProjectConfigurationPlatforms) = postSolution
		{6220211E-E565-4ACD-893C-80E3DA8B2D30}.Debug|Any CPU.ActiveCfg = Debug|Any CPU
		{6220211E-E565-4ACD-893C-80E3DA8B2D30}.Debug|Any CPU.Build.0 = Debug|Any CPU
		{6220211E-E565-4ACD-893C-80E3DA8B2D30}.Release|Any CPU.ActiveCfg = Release|Any CPU
		{6220211E-E565-4ACD-893C-80E3DA8B2D30}.Release|Any CPU.Build.0 = Release|Any CPU
		{4E28FE68-8495-414C-B8F0-0B84FA6EF260}.Debug|Any CPU.ActiveCfg = Debug|Any CPU
		{4E28FE68-8495-414C-B8F0-0B84FA6EF260}.Debug|Any CPU.Build.0 = Debug|Any CPU
		{4E28FE68-8495-414C-B8F0-0B84FA6EF260}.Release|Any CPU.ActiveCfg = Release|Any CPU
		{4E28FE68-8495-414C-B8F0-0B84FA6EF260}.Release|Any CPU.Build.0 = Release|Any CPU
		{135BDE80-6DD4-4992-872A-7C96411C1FF0}.Debug|Any CPU.ActiveCfg = Debug|Any CPU
		{135BDE80-6DD4-4992-872A-7C96411C1FF0}.Debug|Any CPU.Build.0 = Debug|Any CPU
		{135BDE80-6DD4-4992-872A-7C96411C1FF0}.Release|Any CPU.ActiveCfg = Release|Any CPU
		{135BDE80-6DD4-4992-872A-7C96411C1FF0}.Release|Any CPU.Build.0 = Release|Any CPU
		{CED147FC-FBE9-46A6-B795-21234B776D03}.Debug|Any CPU.ActiveCfg = Debug|Any CPU
		{CED147FC-FBE9-46A6-B795-21234B776D03}.Debug|Any CPU.Build.0 = Debug|Any CPU
		{CED147FC-FBE9-46A6-B795-21234B776D03}.Release|Any CPU.ActiveCfg = Release|Any CPU
		{CED147FC-FBE9-46A6-B795-21234B776D03}.Release|Any CPU.Build.0 = Release|Any CPU
		{E0854D5E-9CF7-45DF-9CF6-4D08CC32450B}.Debug|Any CPU.ActiveCfg = Debug|Any CPU
		{E0854D5E-9CF7-45DF-9CF6-4D08CC32450B}.Debug|Any CPU.Build.0 = Debug|Any CPU
		{E0854D5E-9CF7-45DF-9CF6-4D08CC32450B}.Release|Any CPU.ActiveCfg = Release|Any CPU
		{E0854D5E-9CF7-45DF-9CF6-4D08CC32450B}.Release|Any CPU.Build.0 = Release|Any CPU
		{2950B3C7-0CE5-4DD1-B26B-19F8DF54321D}.Debug|Any CPU.ActiveCfg = Debug|Any CPU
		{2950B3C7-0CE5-4DD1-B26B-19F8DF54321D}.Debug|Any CPU.Build.0 = Debug|Any CPU
		{2950B3C7-0CE5-4DD1-B26B-19F8DF54321D}.Release|Any CPU.ActiveCfg = Release|Any CPU
		{2950B3C7-0CE5-4DD1-B26B-19F8DF54321D}.Release|Any CPU.Build.0 = Release|Any CPU
		{82785088-BF10-4B3D-BC63-77F8CFD644E2}.Debug|Any CPU.ActiveCfg = Debug|Any CPU
		{82785088-BF10-4B3D-BC63-77F8CFD644E2}.Debug|Any CPU.Build.0 = Debug|Any CPU
		{82785088-BF10-4B3D-BC63-77F8CFD644E2}.Release|Any CPU.ActiveCfg = Release|Any CPU
		{82785088-BF10-4B3D-BC63-77F8CFD644E2}.Release|Any CPU.Build.0 = Release|Any CPU
		{314E07BF-BEDC-4DC4-B293-300505B9525B}.Debug|Any CPU.ActiveCfg = Debug|Any CPU
		{314E07BF-BEDC-4DC4-B293-300505B9525B}.Debug|Any CPU.Build.0 = Debug|Any CPU
		{314E07BF-BEDC-4DC4-B293-300505B9525B}.Release|Any CPU.ActiveCfg = Release|Any CPU
		{314E07BF-BEDC-4DC4-B293-300505B9525B}.Release|Any CPU.Build.0 = Release|Any CPU
		{B10EE3F0-B98C-45D5-AE53-43C5D35C1CE4}.Debug|Any CPU.ActiveCfg = Debug|Any CPU
		{B10EE3F0-B98C-45D5-AE53-43C5D35C1CE4}.Debug|Any CPU.Build.0 = Debug|Any CPU
		{B10EE3F0-B98C-45D5-AE53-43C5D35C1CE4}.Release|Any CPU.ActiveCfg = Release|Any CPU
		{B10EE3F0-B98C-45D5-AE53-43C5D35C1CE4}.Release|Any CPU.Build.0 = Release|Any CPU
		{A453EDEA-5316-4382-B2A1-4D9E90EEDA0E}.Debug|Any CPU.ActiveCfg = Debug|Any CPU
		{A453EDEA-5316-4382-B2A1-4D9E90EEDA0E}.Debug|Any CPU.Build.0 = Debug|Any CPU
		{A453EDEA-5316-4382-B2A1-4D9E90EEDA0E}.Release|Any CPU.ActiveCfg = Release|Any CPU
		{A453EDEA-5316-4382-B2A1-4D9E90EEDA0E}.Release|Any CPU.Build.0 = Release|Any CPU
		{4380AD23-B067-46DD-8C8E-0F67120BB521}.Debug|Any CPU.ActiveCfg = Debug|Any CPU
		{4380AD23-B067-46DD-8C8E-0F67120BB521}.Debug|Any CPU.Build.0 = Debug|Any CPU
		{4380AD23-B067-46DD-8C8E-0F67120BB521}.Release|Any CPU.ActiveCfg = Release|Any CPU
		{4380AD23-B067-46DD-8C8E-0F67120BB521}.Release|Any CPU.Build.0 = Release|Any CPU
		{36639AC9-1672-46E9-8D62-DF07156C3048}.Debug|Any CPU.ActiveCfg = Debug|Any CPU
		{36639AC9-1672-46E9-8D62-DF07156C3048}.Debug|Any CPU.Build.0 = Debug|Any CPU
		{36639AC9-1672-46E9-8D62-DF07156C3048}.Release|Any CPU.ActiveCfg = Release|Any CPU
		{36639AC9-1672-46E9-8D62-DF07156C3048}.Release|Any CPU.Build.0 = Release|Any CPU
		{394D2CC7-E42B-4014-BD50-E70BA4090606}.Debug|Any CPU.ActiveCfg = Debug|Any CPU
		{394D2CC7-E42B-4014-BD50-E70BA4090606}.Debug|Any CPU.Build.0 = Debug|Any CPU
		{394D2CC7-E42B-4014-BD50-E70BA4090606}.Release|Any CPU.ActiveCfg = Release|Any CPU
		{394D2CC7-E42B-4014-BD50-E70BA4090606}.Release|Any CPU.Build.0 = Release|Any CPU
		{9BD8B4CF-6DF7-459F-85D5-B8B967A69130}.Debug|Any CPU.ActiveCfg = Debug|Any CPU
		{9BD8B4CF-6DF7-459F-85D5-B8B967A69130}.Debug|Any CPU.Build.0 = Debug|Any CPU
		{9BD8B4CF-6DF7-459F-85D5-B8B967A69130}.Release|Any CPU.ActiveCfg = Release|Any CPU
		{9BD8B4CF-6DF7-459F-85D5-B8B967A69130}.Release|Any CPU.Build.0 = Release|Any CPU
	EndGlobalSection
	GlobalSection(SolutionProperties) = preSolution
		HideSolutionNode = FALSE
	EndGlobalSection
	GlobalSection(NestedProjects) = preSolution
		{6220211E-E565-4ACD-893C-80E3DA8B2D30} = {7407E0A4-AFCC-4A68-9965-4C8CBB8CD004}
		{4E28FE68-8495-414C-B8F0-0B84FA6EF260} = {51661B28-60BE-4C74-99C3-3DCEB7034F59}
		{135BDE80-6DD4-4992-872A-7C96411C1FF0} = {F0229F6E-D230-4E89-8FC8-95B136113CDE}
		{8440F54B-0F94-43B2-848D-ADCD54050E62} = {29A28333-6933-4579-8FF1-44C3BCFE853B}
		{CED147FC-FBE9-46A6-B795-21234B776D03} = {7407E0A4-AFCC-4A68-9965-4C8CBB8CD004}
		{7407E0A4-AFCC-4A68-9965-4C8CBB8CD004} = {8440F54B-0F94-43B2-848D-ADCD54050E62}
		{51661B28-60BE-4C74-99C3-3DCEB7034F59} = {8440F54B-0F94-43B2-848D-ADCD54050E62}
		{F0229F6E-D230-4E89-8FC8-95B136113CDE} = {8440F54B-0F94-43B2-848D-ADCD54050E62}
		{803750A6-CC04-44A9-80A9-6662114A2416} = {69E93DF6-16DA-4562-9A9D-D8480D1915B8}
		{E90787A3-B58B-4338-87DB-3E85C4026894} = {803750A6-CC04-44A9-80A9-6662114A2416}
		{E0854D5E-9CF7-45DF-9CF6-4D08CC32450B} = {E90787A3-B58B-4338-87DB-3E85C4026894}
		{2950B3C7-0CE5-4DD1-B26B-19F8DF54321D} = {E90787A3-B58B-4338-87DB-3E85C4026894}
		{14A2D668-10EA-466A-835D-2D4AFF57CB9F} = {803750A6-CC04-44A9-80A9-6662114A2416}
		{82785088-BF10-4B3D-BC63-77F8CFD644E2} = {14A2D668-10EA-466A-835D-2D4AFF57CB9F}
		{2313E6BF-FD7A-46D5-A5D7-EB143E578ADC} = {803750A6-CC04-44A9-80A9-6662114A2416}
		{314E07BF-BEDC-4DC4-B293-300505B9525B} = {2313E6BF-FD7A-46D5-A5D7-EB143E578ADC}
		{6215C402-EBCA-40DC-9520-727839DCF650} = {DCCB2908-DE9D-4135-BBAC-DDA68C09424B}
		{5DE98169-9A48-4F9C-8FBE-840198F05A78} = {6215C402-EBCA-40DC-9520-727839DCF650}
		{B10EE3F0-B98C-45D5-AE53-43C5D35C1CE4} = {5DE98169-9A48-4F9C-8FBE-840198F05A78}
		{A453EDEA-5316-4382-B2A1-4D9E90EEDA0E} = {03AB55D7-3191-40BE-A591-671C75F6C735}
		{4380AD23-B067-46DD-8C8E-0F67120BB521} = {5DE98169-9A48-4F9C-8FBE-840198F05A78}
		{C520B576-C57F-407E-89F1-A8B5834CFB28} = {6215C402-EBCA-40DC-9520-727839DCF650}
		{36639AC9-1672-46E9-8D62-DF07156C3048} = {C520B576-C57F-407E-89F1-A8B5834CFB28}
		{394D2CC7-E42B-4014-BD50-E70BA4090606} = {C520B576-C57F-407E-89F1-A8B5834CFB28}
		{4012C453-FD67-4175-8B87-6ECF191BA8F8} = {6215C402-EBCA-40DC-9520-727839DCF650}
		{9BD8B4CF-6DF7-459F-85D5-B8B967A69130} = {4012C453-FD67-4175-8B87-6ECF191BA8F8}
	EndGlobalSection
	GlobalSection(ExtensibilityGlobals) = postSolution
		SolutionGuid = {CAC5707E-63BA-4CDE-966E-F8C682638C5A}
	EndGlobalSection
EndGlobal
